
Microsoft Visual Studio Solution File, Format Version 12.00
# Visual Studio Version 17
VisualStudioVersion = 17.3.32929.385
MinimumVisualStudioVersion = 10.0.40219.1
Project("{FAE04EC0-301F-11D3-BF4B-00C04F79EFBC}") = "Buyer", "Buyer\Buyer.csproj", "{32A24ACF-708D-4415-9E74-0B11BEDD382E}"
EndProject
Global
	GlobalSection(SolutionConfigurationPlatforms) = preSolution
		Debug|Any CPU = Debug|Any CPU
		Release|Any CPU = Release|Any CPU
	EndGlobalSection
	GlobalSection(ProjectConfigurationPlatforms) = postSolution
		{32A24ACF-708D-4415-9E74-0B11BEDD382E}.Debug|Any CPU.ActiveCfg = Debug|Any CPU
		{32A24ACF-708D-4415-9E74-0B11BEDD382E}.Debug|Any CPU.Build.0 = Debug|Any CPU
		{32A24ACF-708D-4415-9E74-0B11BEDD382E}.Release|Any CPU.ActiveCfg = Release|Any CPU
		{32A24ACF-708D-4415-9E74-0B11BEDD382E}.Release|Any CPU.Build.0 = Release|Any CPU
	EndGlobalSection
	GlobalSection(SolutionProperties) = preSolution
		HideSolutionNode = FALSE
	EndGlobalSection
	GlobalSection(ExtensibilityGlobals) = postSolution
		SolutionGuid = {0B540C4A-E646-41A1-9677-53AE1E2F12F7}
	EndGlobalSection
EndGlobal
